// !$*UTF8*$!
{
	archiveVersion = 1;
	classes = {
	};
	objectVersion = 50;
	objects = {

/* Begin PBXBuildFile section */
		340723082272128F00C95659 /* preHome.storyboard in Resources */ = {isa = PBXBuildFile; fileRef = 340723042272128F00C95659 /* preHome.storyboard */; };
		340723092272128F00C95659 /* Onboarding.storyboard in Resources */ = {isa = PBXBuildFile; fileRef = 340723062272128F00C95659 /* Onboarding.storyboard */; };
		3407230C227212D200C95659 /* Main.storyboard in Resources */ = {isa = PBXBuildFile; fileRef = 3407230A227212D200C95659 /* Main.storyboard */; };
		340723122272151B00C95659 /* preHomeViewController.swift in Sources */ = {isa = PBXBuildFile; fileRef = 3407230F2272151B00C95659 /* preHomeViewController.swift */; };
		340723132272151C00C95659 /* SignUpViewController.swift in Sources */ = {isa = PBXBuildFile; fileRef = 340723102272151B00C95659 /* SignUpViewController.swift */; };
		340723142272151C00C95659 /* LoginViewController.swift in Sources */ = {isa = PBXBuildFile; fileRef = 340723112272151B00C95659 /* LoginViewController.swift */; };
		340723182272152400C95659 /* WalkthroughContentViewController.swift in Sources */ = {isa = PBXBuildFile; fileRef = 340723152272152300C95659 /* WalkthroughContentViewController.swift */; };
		340723192272152400C95659 /* WalkthroughViewController.swift in Sources */ = {isa = PBXBuildFile; fileRef = 340723162272152300C95659 /* WalkthroughViewController.swift */; };
		3407231A2272152400C95659 /* WalkthroughPageViewController.swift in Sources */ = {isa = PBXBuildFile; fileRef = 340723172272152300C95659 /* WalkthroughPageViewController.swift */; };
		3407231E22721D3E00C95659 /* FirebaseManager.swift in Sources */ = {isa = PBXBuildFile; fileRef = 3407231C22721D3E00C95659 /* FirebaseManager.swift */; };
		3407231F22721D3E00C95659 /* PushNotificationManager.swift in Sources */ = {isa = PBXBuildFile; fileRef = 3407231D22721D3E00C95659 /* PushNotificationManager.swift */; };
		3407232222721ED600C95659 /* UserProfile.swift in Sources */ = {isa = PBXBuildFile; fileRef = 3407232122721ED600C95659 /* UserProfile.swift */; };
		3407232C22721FA100C95659 /* Date.swift in Sources */ = {isa = PBXBuildFile; fileRef = 3407232422721FA000C95659 /* Date.swift */; };
		3407232D22721FA100C95659 /* Loader.swift in Sources */ = {isa = PBXBuildFile; fileRef = 3407232522721FA000C95659 /* Loader.swift */; };
		3407232E22721FA100C95659 /* SSBadgeButton.swift in Sources */ = {isa = PBXBuildFile; fileRef = 3407232622721FA000C95659 /* SSBadgeButton.swift */; };
		3407232F22721FA100C95659 /* Geodistance.swift in Sources */ = {isa = PBXBuildFile; fileRef = 3407232722721FA100C95659 /* Geodistance.swift */; };
		3407233022721FA100C95659 /* MD5.swift in Sources */ = {isa = PBXBuildFile; fileRef = 3407232822721FA100C95659 /* MD5.swift */; };
		3407233122721FA100C95659 /* GreyImage.swift in Sources */ = {isa = PBXBuildFile; fileRef = 3407232922721FA100C95659 /* GreyImage.swift */; };
		3407233222721FA100C95659 /* Views.swift in Sources */ = {isa = PBXBuildFile; fileRef = 3407232A22721FA100C95659 /* Views.swift */; };
		3407233322721FA100C95659 /* HideKeyBoardOnTapAround.swift in Sources */ = {isa = PBXBuildFile; fileRef = 3407232B22721FA100C95659 /* HideKeyBoardOnTapAround.swift */; };
		340723352272207F00C95659 /* Home.storyboard in Resources */ = {isa = PBXBuildFile; fileRef = 340723342272207F00C95659 /* Home.storyboard */; };
		3407233F22722D6000C95659 /* SWRevealViewController.m in Sources */ = {isa = PBXBuildFile; fileRef = 3407233B22722D6000C95659 /* SWRevealViewController.m */; };
		3407234022722D6000C95659 /* MenuCell.swift in Sources */ = {isa = PBXBuildFile; fileRef = 3407233C22722D6000C95659 /* MenuCell.swift */; };
		3407234122722D6000C95659 /* menuViewController.swift in Sources */ = {isa = PBXBuildFile; fileRef = 3407233D22722D6000C95659 /* menuViewController.swift */; };
		3407234222722D6000C95659 /* MessageViewController.swift in Sources */ = {isa = PBXBuildFile; fileRef = 3407233E22722D6000C95659 /* MessageViewController.swift */; };
		346B139C2270D02E00A79B66 /* AppDelegate.swift in Sources */ = {isa = PBXBuildFile; fileRef = 346B139B2270D02E00A79B66 /* AppDelegate.swift */; };
		346B139E2270D02E00A79B66 /* ViewController.swift in Sources */ = {isa = PBXBuildFile; fileRef = 346B139D2270D02E00A79B66 /* ViewController.swift */; };
		346B13A32270D02F00A79B66 /* Assets.xcassets in Resources */ = {isa = PBXBuildFile; fileRef = 346B13A22270D02F00A79B66 /* Assets.xcassets */; };
		346B13A62270D02F00A79B66 /* LaunchScreen.storyboard in Resources */ = {isa = PBXBuildFile; fileRef = 346B13A42270D02F00A79B66 /* LaunchScreen.storyboard */; };
		346B13B42270D06000A79B66 /* NotificationService.swift in Sources */ = {isa = PBXBuildFile; fileRef = 346B13B32270D06000A79B66 /* NotificationService.swift */; };
		346B13B82270D06000A79B66 /* OneSignalNotificationServiceExtension.appex in Embed App Extensions */ = {isa = PBXBuildFile; fileRef = 346B13B12270D06000A79B66 /* OneSignalNotificationServiceExtension.appex */; settings = {ATTRIBUTES = (RemoveHeadersOnCopy, ); }; };
		346B13BE2270D1B600A79B66 /* GoogleService-Info.plist in Resources */ = {isa = PBXBuildFile; fileRef = 346B13BD2270D1B600A79B66 /* GoogleService-Info.plist */; };
		34CC5FF52272970D005FA540 /* UIView.swift in Sources */ = {isa = PBXBuildFile; fileRef = 34CC5FF42272970D005FA540 /* UIView.swift */; };
		34CC5FF7227358DB005FA540 /* Voiceaudio.xib in Resources */ = {isa = PBXBuildFile; fileRef = 34CC5FF6227358DB005FA540 /* Voiceaudio.xib */; };
		34CC5FF922735AE1005FA540 /* Voiceaudio.swift in Sources */ = {isa = PBXBuildFile; fileRef = 34CC5FF822735AE1005FA540 /* Voiceaudio.swift */; };
		34DEA8C22272576400B8BB98 /* Entry.swift in Sources */ = {isa = PBXBuildFile; fileRef = 34DEA8C12272576400B8BB98 /* Entry.swift */; };
		34DEA8C422726DE100B8BB98 /* EntryTableViewController.swift in Sources */ = {isa = PBXBuildFile; fileRef = 34DEA8C322726DE100B8BB98 /* EntryTableViewController.swift */; };
		34DEA8C72272706B00B8BB98 /* ScrollingStackViewController.swift in Sources */ = {isa = PBXBuildFile; fileRef = 34DEA8C62272706B00B8BB98 /* ScrollingStackViewController.swift */; };
		8984A8ACAD0E5D81B3C81476 /* Pods_OneSignalNotificationServiceExtension.framework in Frameworks */ = {isa = PBXBuildFile; fileRef = 2E9ACA97FE151EDFAC271D5D /* Pods_OneSignalNotificationServiceExtension.framework */; };
		DCCEFF8993A6204B9E0DC19E /* Pods_iJournal.framework in Frameworks */ = {isa = PBXBuildFile; fileRef = 931BF83D175DE9BCABD4AEBE /* Pods_iJournal.framework */; };
/* End PBXBuildFile section */

/* Begin PBXContainerItemProxy section */
		346B13B62270D06000A79B66 /* PBXContainerItemProxy */ = {
			isa = PBXContainerItemProxy;
			containerPortal = 346B13902270D02E00A79B66 /* Project object */;
			proxyType = 1;
			remoteGlobalIDString = 346B13B02270D06000A79B66;
			remoteInfo = OneSignalNotificationServiceExtension;
		};
/* End PBXContainerItemProxy section */

/* Begin PBXCopyFilesBuildPhase section */
		346B13BC2270D06000A79B66 /* Embed App Extensions */ = {
			isa = PBXCopyFilesBuildPhase;
			buildActionMask = 2147483647;
			dstPath = "";
			dstSubfolderSpec = 13;
			files = (
				346B13B82270D06000A79B66 /* OneSignalNotificationServiceExtension.appex in Embed App Extensions */,
			);
			name = "Embed App Extensions";
			runOnlyForDeploymentPostprocessing = 0;
		};
/* End PBXCopyFilesBuildPhase section */

/* Begin PBXFileReference section */
		16CB4750E1B1279F028E1B01 /* Pods-OneSignalNotificationServiceExtension.debug.xcconfig */ = {isa = PBXFileReference; includeInIndex = 1; lastKnownFileType = text.xcconfig; name = "Pods-OneSignalNotificationServiceExtension.debug.xcconfig"; path = "Target Support Files/Pods-OneSignalNotificationServiceExtension/Pods-OneSignalNotificationServiceExtension.debug.xcconfig"; sourceTree = "<group>"; };
		2E9ACA97FE151EDFAC271D5D /* Pods_OneSignalNotificationServiceExtension.framework */ = {isa = PBXFileReference; explicitFileType = wrapper.framework; includeInIndex = 0; path = Pods_OneSignalNotificationServiceExtension.framework; sourceTree = BUILT_PRODUCTS_DIR; };
		340723052272128F00C95659 /* Base */ = {isa = PBXFileReference; lastKnownFileType = file.storyboard; name = Base; path = Base.lproj/preHome.storyboard; sourceTree = "<group>"; };
		340723072272128F00C95659 /* Base */ = {isa = PBXFileReference; lastKnownFileType = file.storyboard; name = Base; path = Base.lproj/Onboarding.storyboard; sourceTree = "<group>"; };
		3407230B227212D200C95659 /* Base */ = {isa = PBXFileReference; lastKnownFileType = file.storyboard; name = Base; path = Base.lproj/Main.storyboard; sourceTree = "<group>"; };
		3407230F2272151B00C95659 /* preHomeViewController.swift */ = {isa = PBXFileReference; fileEncoding = 4; lastKnownFileType = sourcecode.swift; path = preHomeViewController.swift; sourceTree = "<group>"; };
		340723102272151B00C95659 /* SignUpViewController.swift */ = {isa = PBXFileReference; fileEncoding = 4; lastKnownFileType = sourcecode.swift; path = SignUpViewController.swift; sourceTree = "<group>"; };
		340723112272151B00C95659 /* LoginViewController.swift */ = {isa = PBXFileReference; fileEncoding = 4; lastKnownFileType = sourcecode.swift; path = LoginViewController.swift; sourceTree = "<group>"; };
		340723152272152300C95659 /* WalkthroughContentViewController.swift */ = {isa = PBXFileReference; fileEncoding = 4; lastKnownFileType = sourcecode.swift; path = WalkthroughContentViewController.swift; sourceTree = "<group>"; };
		340723162272152300C95659 /* WalkthroughViewController.swift */ = {isa = PBXFileReference; fileEncoding = 4; lastKnownFileType = sourcecode.swift; path = WalkthroughViewController.swift; sourceTree = "<group>"; };
		340723172272152300C95659 /* WalkthroughPageViewController.swift */ = {isa = PBXFileReference; fileEncoding = 4; lastKnownFileType = sourcecode.swift; path = WalkthroughPageViewController.swift; sourceTree = "<group>"; };
		3407231C22721D3E00C95659 /* FirebaseManager.swift */ = {isa = PBXFileReference; fileEncoding = 4; lastKnownFileType = sourcecode.swift; path = FirebaseManager.swift; sourceTree = "<group>"; };
		3407231D22721D3E00C95659 /* PushNotificationManager.swift */ = {isa = PBXFileReference; fileEncoding = 4; lastKnownFileType = sourcecode.swift; path = PushNotificationManager.swift; sourceTree = "<group>"; };
		3407232122721ED600C95659 /* UserProfile.swift */ = {isa = PBXFileReference; fileEncoding = 4; lastKnownFileType = sourcecode.swift; path = UserProfile.swift; sourceTree = "<group>"; };
		3407232422721FA000C95659 /* Date.swift */ = {isa = PBXFileReference; fileEncoding = 4; lastKnownFileType = sourcecode.swift; path = Date.swift; sourceTree = "<group>"; };
		3407232522721FA000C95659 /* Loader.swift */ = {isa = PBXFileReference; fileEncoding = 4; lastKnownFileType = sourcecode.swift; path = Loader.swift; sourceTree = "<group>"; };
		3407232622721FA000C95659 /* SSBadgeButton.swift */ = {isa = PBXFileReference; fileEncoding = 4; lastKnownFileType = sourcecode.swift; path = SSBadgeButton.swift; sourceTree = "<group>"; };
		3407232722721FA100C95659 /* Geodistance.swift */ = {isa = PBXFileReference; fileEncoding = 4; lastKnownFileType = sourcecode.swift; path = Geodistance.swift; sourceTree = "<group>"; };
		3407232822721FA100C95659 /* MD5.swift */ = {isa = PBXFileReference; fileEncoding = 4; lastKnownFileType = sourcecode.swift; path = MD5.swift; sourceTree = "<group>"; };
		3407232922721FA100C95659 /* GreyImage.swift */ = {isa = PBXFileReference; fileEncoding = 4; lastKnownFileType = sourcecode.swift; path = GreyImage.swift; sourceTree = "<group>"; };
		3407232A22721FA100C95659 /* Views.swift */ = {isa = PBXFileReference; fileEncoding = 4; lastKnownFileType = sourcecode.swift; path = Views.swift; sourceTree = "<group>"; };
		3407232B22721FA100C95659 /* HideKeyBoardOnTapAround.swift */ = {isa = PBXFileReference; fileEncoding = 4; lastKnownFileType = sourcecode.swift; path = HideKeyBoardOnTapAround.swift; sourceTree = "<group>"; };
		340723342272207F00C95659 /* Home.storyboard */ = {isa = PBXFileReference; lastKnownFileType = file.storyboard; path = Home.storyboard; sourceTree = "<group>"; };
		3407233722722C9300C95659 /* iJournal-Bridging-Header.h */ = {isa = PBXFileReference; lastKnownFileType = sourcecode.c.h; path = "iJournal-Bridging-Header.h"; sourceTree = "<group>"; };
		3407233A22722D6000C95659 /* SWRevealViewController.h */ = {isa = PBXFileReference; fileEncoding = 4; lastKnownFileType = sourcecode.c.h; path = SWRevealViewController.h; sourceTree = "<group>"; };
		3407233B22722D6000C95659 /* SWRevealViewController.m */ = {isa = PBXFileReference; fileEncoding = 4; lastKnownFileType = sourcecode.c.objc; path = SWRevealViewController.m; sourceTree = "<group>"; };
		3407233C22722D6000C95659 /* MenuCell.swift */ = {isa = PBXFileReference; fileEncoding = 4; lastKnownFileType = sourcecode.swift; path = MenuCell.swift; sourceTree = "<group>"; };
		3407233D22722D6000C95659 /* menuViewController.swift */ = {isa = PBXFileReference; fileEncoding = 4; lastKnownFileType = sourcecode.swift; path = menuViewController.swift; sourceTree = "<group>"; };
		3407233E22722D6000C95659 /* MessageViewController.swift */ = {isa = PBXFileReference; fileEncoding = 4; lastKnownFileType = sourcecode.swift; path = MessageViewController.swift; sourceTree = "<group>"; };
		346B13982270D02E00A79B66 /* iJournal.app */ = {isa = PBXFileReference; explicitFileType = wrapper.application; includeInIndex = 0; path = iJournal.app; sourceTree = BUILT_PRODUCTS_DIR; };
		346B139B2270D02E00A79B66 /* AppDelegate.swift */ = {isa = PBXFileReference; lastKnownFileType = sourcecode.swift; path = AppDelegate.swift; sourceTree = "<group>"; };
		346B139D2270D02E00A79B66 /* ViewController.swift */ = {isa = PBXFileReference; lastKnownFileType = sourcecode.swift; path = ViewController.swift; sourceTree = "<group>"; };
		346B13A22270D02F00A79B66 /* Assets.xcassets */ = {isa = PBXFileReference; lastKnownFileType = folder.assetcatalog; path = Assets.xcassets; sourceTree = "<group>"; };
		346B13A52270D02F00A79B66 /* Base */ = {isa = PBXFileReference; lastKnownFileType = file.storyboard; name = Base; path = Base.lproj/LaunchScreen.storyboard; sourceTree = "<group>"; };
		346B13A72270D02F00A79B66 /* Info.plist */ = {isa = PBXFileReference; lastKnownFileType = text.plist.xml; path = Info.plist; sourceTree = "<group>"; };
		346B13B12270D06000A79B66 /* OneSignalNotificationServiceExtension.appex */ = {isa = PBXFileReference; explicitFileType = "wrapper.app-extension"; includeInIndex = 0; path = OneSignalNotificationServiceExtension.appex; sourceTree = BUILT_PRODUCTS_DIR; };
		346B13B32270D06000A79B66 /* NotificationService.swift */ = {isa = PBXFileReference; lastKnownFileType = sourcecode.swift; path = NotificationService.swift; sourceTree = "<group>"; };
		346B13B52270D06000A79B66 /* Info.plist */ = {isa = PBXFileReference; lastKnownFileType = text.plist.xml; path = Info.plist; sourceTree = "<group>"; };
		346B13BD2270D1B600A79B66 /* GoogleService-Info.plist */ = {isa = PBXFileReference; fileEncoding = 4; lastKnownFileType = text.plist.xml; path = "GoogleService-Info.plist"; sourceTree = "<group>"; };
		34C96D022270D3FF00B13050 /* iJournal.entitlements */ = {isa = PBXFileReference; lastKnownFileType = text.plist.entitlements; path = iJournal.entitlements; sourceTree = "<group>"; };
		34CC5FF42272970D005FA540 /* UIView.swift */ = {isa = PBXFileReference; lastKnownFileType = sourcecode.swift; path = UIView.swift; sourceTree = "<group>"; };
		34CC5FF6227358DB005FA540 /* Voiceaudio.xib */ = {isa = PBXFileReference; lastKnownFileType = file.xib; path = Voiceaudio.xib; sourceTree = "<group>"; };
		34CC5FF822735AE1005FA540 /* Voiceaudio.swift */ = {isa = PBXFileReference; lastKnownFileType = sourcecode.swift; path = Voiceaudio.swift; sourceTree = "<group>"; };
		34DEA8C12272576400B8BB98 /* Entry.swift */ = {isa = PBXFileReference; lastKnownFileType = sourcecode.swift; path = Entry.swift; sourceTree = "<group>"; };
		34DEA8C322726DE100B8BB98 /* EntryTableViewController.swift */ = {isa = PBXFileReference; lastKnownFileType = sourcecode.swift; path = EntryTableViewController.swift; sourceTree = "<group>"; };
		34DEA8C62272706B00B8BB98 /* ScrollingStackViewController.swift */ = {isa = PBXFileReference; lastKnownFileType = sourcecode.swift; path = ScrollingStackViewController.swift; sourceTree = "<group>"; };
		7BC17B8E7C1ECB9D5343DD3C /* Pods-iJournal.release.xcconfig */ = {isa = PBXFileReference; includeInIndex = 1; lastKnownFileType = text.xcconfig; name = "Pods-iJournal.release.xcconfig"; path = "Target Support Files/Pods-iJournal/Pods-iJournal.release.xcconfig"; sourceTree = "<group>"; };
		8A34DE3C38C0E9B1ABA88389 /* Pods-OneSignalNotificationServiceExtension.release.xcconfig */ = {isa = PBXFileReference; includeInIndex = 1; lastKnownFileType = text.xcconfig; name = "Pods-OneSignalNotificationServiceExtension.release.xcconfig"; path = "Target Support Files/Pods-OneSignalNotificationServiceExtension/Pods-OneSignalNotificationServiceExtension.release.xcconfig"; sourceTree = "<group>"; };
		931BF83D175DE9BCABD4AEBE /* Pods_iJournal.framework */ = {isa = PBXFileReference; explicitFileType = wrapper.framework; includeInIndex = 0; path = Pods_iJournal.framework; sourceTree = BUILT_PRODUCTS_DIR; };
		E8E4FD1F645BC1F61125E855 /* Pods-iJournal.debug.xcconfig */ = {isa = PBXFileReference; includeInIndex = 1; lastKnownFileType = text.xcconfig; name = "Pods-iJournal.debug.xcconfig"; path = "Target Support Files/Pods-iJournal/Pods-iJournal.debug.xcconfig"; sourceTree = "<group>"; };
/* End PBXFileReference section */

/* Begin PBXFrameworksBuildPhase section */
		346B13952270D02E00A79B66 /* Frameworks */ = {
			isa = PBXFrameworksBuildPhase;
			buildActionMask = 2147483647;
			files = (
				DCCEFF8993A6204B9E0DC19E /* Pods_iJournal.framework in Frameworks */,
			);
			runOnlyForDeploymentPostprocessing = 0;
		};
		346B13AE2270D06000A79B66 /* Frameworks */ = {
			isa = PBXFrameworksBuildPhase;
			buildActionMask = 2147483647;
			files = (
				8984A8ACAD0E5D81B3C81476 /* Pods_OneSignalNotificationServiceExtension.framework in Frameworks */,
			);
			runOnlyForDeploymentPostprocessing = 0;
		};
/* End PBXFrameworksBuildPhase section */

/* Begin PBXGroup section */
		34072302227211FA00C95659 /* Resources */ = {
			isa = PBXGroup;
			children = (
				346B139B2270D02E00A79B66 /* AppDelegate.swift */,
				346B13A22270D02F00A79B66 /* Assets.xcassets */,
				346B13A72270D02F00A79B66 /* Info.plist */,
			);
			path = Resources;
			sourceTree = "<group>";
		};
		340723032272122A00C95659 /* StoryBoards */ = {
			isa = PBXGroup;
			children = (
				340723062272128F00C95659 /* Onboarding.storyboard */,
				340723042272128F00C95659 /* preHome.storyboard */,
				3407230A227212D200C95659 /* Main.storyboard */,
				346B13A42270D02F00A79B66 /* LaunchScreen.storyboard */,
				340723342272207F00C95659 /* Home.storyboard */,
				34CC5FF6227358DB005FA540 /* Voiceaudio.xib */,
				34CC5FF822735AE1005FA540 /* Voiceaudio.swift */,
			);
			path = StoryBoards;
			sourceTree = "<group>";
		};
		3407230D227212E900C95659 /* ViewControllers */ = {
			isa = PBXGroup;
			children = (
				34DEA8C52272704100B8BB98 /* Entry */,
				3407230F2272151B00C95659 /* preHomeViewController.swift */,
				340723112272151B00C95659 /* LoginViewController.swift */,
				340723102272151B00C95659 /* SignUpViewController.swift */,
				3407230E2272132800C95659 /* Walkthrough */,
				34DEA8C322726DE100B8BB98 /* EntryTableViewController.swift */,
			);
			path = ViewControllers;
			sourceTree = "<group>";
		};
		3407230E2272132800C95659 /* Walkthrough */ = {
			isa = PBXGroup;
			children = (
				340723152272152300C95659 /* WalkthroughContentViewController.swift */,
				340723172272152300C95659 /* WalkthroughPageViewController.swift */,
				340723162272152300C95659 /* WalkthroughViewController.swift */,
			);
			path = Walkthrough;
			sourceTree = "<group>";
		};
		3407231B22721D0100C95659 /* Managers */ = {
			isa = PBXGroup;
			children = (
				3407231C22721D3E00C95659 /* FirebaseManager.swift */,
				3407231D22721D3E00C95659 /* PushNotificationManager.swift */,
			);
			path = Managers;
			sourceTree = "<group>";
		};
		3407232022721D5600C95659 /* Model */ = {
			isa = PBXGroup;
			children = (
				3407232122721ED600C95659 /* UserProfile.swift */,
				34DEA8C12272576400B8BB98 /* Entry.swift */,
			);
			path = Model;
			sourceTree = "<group>";
		};
		3407232322721F8A00C95659 /* Utils */ = {
			isa = PBXGroup;
			children = (
				3407232422721FA000C95659 /* Date.swift */,
				3407232722721FA100C95659 /* Geodistance.swift */,
				3407232922721FA100C95659 /* GreyImage.swift */,
				3407232B22721FA100C95659 /* HideKeyBoardOnTapAround.swift */,
				3407232522721FA000C95659 /* Loader.swift */,
				3407232822721FA100C95659 /* MD5.swift */,
				3407232622721FA000C95659 /* SSBadgeButton.swift */,
				3407232A22721FA100C95659 /* Views.swift */,
			);
			path = Utils;
			sourceTree = "<group>";
		};
		3407233622722C5300C95659 /* Menu */ = {
			isa = PBXGroup;
			children = (
				3407233722722C9300C95659 /* iJournal-Bridging-Header.h */,
				3407233C22722D6000C95659 /* MenuCell.swift */,
				3407233D22722D6000C95659 /* menuViewController.swift */,
				3407233E22722D6000C95659 /* MessageViewController.swift */,
				3407233A22722D6000C95659 /* SWRevealViewController.h */,
				3407233B22722D6000C95659 /* SWRevealViewController.m */,
			);
			path = Menu;
			sourceTree = "<group>";
		};
		346B138F2270D02E00A79B66 = {
			isa = PBXGroup;
			children = (
				346B139A2270D02E00A79B66 /* iJournal */,
				346B13B22270D06000A79B66 /* OneSignalNotificationServiceExtension */,
				346B13992270D02E00A79B66 /* Products */,
				CE956FD9E3DD182F5690F61B /* Pods */,
				ABDAB1C00686A3E355889E80 /* Frameworks */,
			);
			sourceTree = "<group>";
		};
		346B13992270D02E00A79B66 /* Products */ = {
			isa = PBXGroup;
			children = (
				346B13982270D02E00A79B66 /* iJournal.app */,
				346B13B12270D06000A79B66 /* OneSignalNotificationServiceExtension.appex */,
			);
			name = Products;
			sourceTree = "<group>";
		};
		346B139A2270D02E00A79B66 /* iJournal */ = {
			isa = PBXGroup;
			children = (
				34CC5FF1227296C6005FA540 /* Views */,
				3407233622722C5300C95659 /* Menu */,
				3407232322721F8A00C95659 /* Utils */,
				3407232022721D5600C95659 /* Model */,
				3407231B22721D0100C95659 /* Managers */,
				3407230D227212E900C95659 /* ViewControllers */,
				34C96D022270D3FF00B13050 /* iJournal.entitlements */,
				340723032272122A00C95659 /* StoryBoards */,
				34072302227211FA00C95659 /* Resources */,
				346B139D2270D02E00A79B66 /* ViewController.swift */,
				346B13BD2270D1B600A79B66 /* GoogleService-Info.plist */,
			);
			path = iJournal;
			sourceTree = "<group>";
		};
		346B13B22270D06000A79B66 /* OneSignalNotificationServiceExtension */ = {
			isa = PBXGroup;
			children = (
				346B13B32270D06000A79B66 /* NotificationService.swift */,
				346B13B52270D06000A79B66 /* Info.plist */,
			);
			path = OneSignalNotificationServiceExtension;
			sourceTree = "<group>";
		};
		34CC5FF1227296C6005FA540 /* Views */ = {
			isa = PBXGroup;
			children = (
				34CC5FF42272970D005FA540 /* UIView.swift */,
			);
			path = Views;
			sourceTree = "<group>";
		};
		34DEA8C52272704100B8BB98 /* Entry */ = {
			isa = PBXGroup;
			children = (
				34DEA8C62272706B00B8BB98 /* ScrollingStackViewController.swift */,
			);
			path = Entry;
			sourceTree = "<group>";
		};
		ABDAB1C00686A3E355889E80 /* Frameworks */ = {
			isa = PBXGroup;
			children = (
				2E9ACA97FE151EDFAC271D5D /* Pods_OneSignalNotificationServiceExtension.framework */,
				931BF83D175DE9BCABD4AEBE /* Pods_iJournal.framework */,
			);
			name = Frameworks;
			sourceTree = "<group>";
		};
		CE956FD9E3DD182F5690F61B /* Pods */ = {
			isa = PBXGroup;
			children = (
				16CB4750E1B1279F028E1B01 /* Pods-OneSignalNotificationServiceExtension.debug.xcconfig */,
				8A34DE3C38C0E9B1ABA88389 /* Pods-OneSignalNotificationServiceExtension.release.xcconfig */,
				E8E4FD1F645BC1F61125E855 /* Pods-iJournal.debug.xcconfig */,
				7BC17B8E7C1ECB9D5343DD3C /* Pods-iJournal.release.xcconfig */,
			);
			path = Pods;
			sourceTree = "<group>";
		};
/* End PBXGroup section */

/* Begin PBXNativeTarget section */
		346B13972270D02E00A79B66 /* iJournal */ = {
			isa = PBXNativeTarget;
			buildConfigurationList = 346B13AA2270D02F00A79B66 /* Build configuration list for PBXNativeTarget "iJournal" */;
			buildPhases = (
				C1712017BF80D8001F19F59E /* [CP] Check Pods Manifest.lock */,
				346B13942270D02E00A79B66 /* Sources */,
				346B13952270D02E00A79B66 /* Frameworks */,
				346B13962270D02E00A79B66 /* Resources */,
				346B13BC2270D06000A79B66 /* Embed App Extensions */,
				A5F2C8BC26C1463B949BBC43 /* [CP] Embed Pods Frameworks */,
				C5533F60A8245075EFBB85F3 /* [CP] Copy Pods Resources */,
			);
			buildRules = (
			);
			dependencies = (
				346B13B72270D06000A79B66 /* PBXTargetDependency */,
			);
			name = iJournal;
			productName = iJournal;
			productReference = 346B13982270D02E00A79B66 /* iJournal.app */;
			productType = "com.apple.product-type.application";
		};
		346B13B02270D06000A79B66 /* OneSignalNotificationServiceExtension */ = {
			isa = PBXNativeTarget;
			buildConfigurationList = 346B13B92270D06000A79B66 /* Build configuration list for PBXNativeTarget "OneSignalNotificationServiceExtension" */;
			buildPhases = (
				30019E3A6BD3DFCF77DBFC63 /* [CP] Check Pods Manifest.lock */,
				346B13AD2270D06000A79B66 /* Sources */,
				346B13AE2270D06000A79B66 /* Frameworks */,
				346B13AF2270D06000A79B66 /* Resources */,
			);
			buildRules = (
			);
			dependencies = (
			);
			name = OneSignalNotificationServiceExtension;
			productName = OneSignalNotificationServiceExtension;
			productReference = 346B13B12270D06000A79B66 /* OneSignalNotificationServiceExtension.appex */;
			productType = "com.apple.product-type.app-extension";
		};
/* End PBXNativeTarget section */

/* Begin PBXProject section */
		346B13902270D02E00A79B66 /* Project object */ = {
			isa = PBXProject;
			attributes = {
				LastSwiftUpdateCheck = 1020;
				LastUpgradeCheck = 1020;
				ORGANIZATIONNAME = "Carlos Javier Pendola";
				TargetAttributes = {
					346B13972270D02E00A79B66 = {
						CreatedOnToolsVersion = 10.2;
						LastSwiftMigration = 1020;
						SystemCapabilities = {
							com.apple.BackgroundModes = {
								enabled = 1;
							};
							com.apple.Push = {
								enabled = 1;
							};
						};
					};
					346B13B02270D06000A79B66 = {
						CreatedOnToolsVersion = 10.2;
					};
				};
			};
			buildConfigurationList = 346B13932270D02E00A79B66 /* Build configuration list for PBXProject "iJournal" */;
			compatibilityVersion = "Xcode 9.3";
			developmentRegion = en;
			hasScannedForEncodings = 0;
			knownRegions = (
				en,
				Base,
			);
			mainGroup = 346B138F2270D02E00A79B66;
			productRefGroup = 346B13992270D02E00A79B66 /* Products */;
			projectDirPath = "";
			projectRoot = "";
			targets = (
				346B13972270D02E00A79B66 /* iJournal */,
				346B13B02270D06000A79B66 /* OneSignalNotificationServiceExtension */,
			);
		};
/* End PBXProject section */

/* Begin PBXResourcesBuildPhase section */
		346B13962270D02E00A79B66 /* Resources */ = {
			isa = PBXResourcesBuildPhase;
			buildActionMask = 2147483647;
			files = (
				340723352272207F00C95659 /* Home.storyboard in Resources */,
				346B13A62270D02F00A79B66 /* LaunchScreen.storyboard in Resources */,
				346B13BE2270D1B600A79B66 /* GoogleService-Info.plist in Resources */,
				340723082272128F00C95659 /* preHome.storyboard in Resources */,
				3407230C227212D200C95659 /* Main.storyboard in Resources */,
				340723092272128F00C95659 /* Onboarding.storyboard in Resources */,
				346B13A32270D02F00A79B66 /* Assets.xcassets in Resources */,
				34CC5FF7227358DB005FA540 /* Voiceaudio.xib in Resources */,
			);
			runOnlyForDeploymentPostprocessing = 0;
		};
		346B13AF2270D06000A79B66 /* Resources */ = {
			isa = PBXResourcesBuildPhase;
			buildActionMask = 2147483647;
			files = (
			);
			runOnlyForDeploymentPostprocessing = 0;
		};
/* End PBXResourcesBuildPhase section */

/* Begin PBXShellScriptBuildPhase section */
		30019E3A6BD3DFCF77DBFC63 /* [CP] Check Pods Manifest.lock */ = {
			isa = PBXShellScriptBuildPhase;
			buildActionMask = 2147483647;
			files = (
			);
			inputFileListPaths = (
			);
			inputPaths = (
				"${PODS_PODFILE_DIR_PATH}/Podfile.lock",
				"${PODS_ROOT}/Manifest.lock",
			);
			name = "[CP] Check Pods Manifest.lock";
			outputFileListPaths = (
			);
			outputPaths = (
				"$(DERIVED_FILE_DIR)/Pods-OneSignalNotificationServiceExtension-checkManifestLockResult.txt",
			);
			runOnlyForDeploymentPostprocessing = 0;
			shellPath = /bin/sh;
			shellScript = "diff \"${PODS_PODFILE_DIR_PATH}/Podfile.lock\" \"${PODS_ROOT}/Manifest.lock\" > /dev/null\nif [ $? != 0 ] ; then\n    # print error to STDERR\n    echo \"error: The sandbox is not in sync with the Podfile.lock. Run 'pod install' or update your CocoaPods installation.\" >&2\n    exit 1\nfi\n# This output is used by Xcode 'outputs' to avoid re-running this script phase.\necho \"SUCCESS\" > \"${SCRIPT_OUTPUT_FILE_0}\"\n";
			showEnvVarsInLog = 0;
		};
		A5F2C8BC26C1463B949BBC43 /* [CP] Embed Pods Frameworks */ = {
			isa = PBXShellScriptBuildPhase;
			buildActionMask = 2147483647;
			files = (
			);
			inputFileListPaths = (
			);
			inputPaths = (
				"${PODS_ROOT}/Target Support Files/Pods-iJournal/Pods-iJournal-frameworks.sh",
				"${BUILT_PRODUCTS_DIR}/BoringSSL-GRPC/openssl_grpc.framework",
				"${BUILT_PRODUCTS_DIR}/DynamicBlurView/DynamicBlurView.framework",
				"${BUILT_PRODUCTS_DIR}/GTMSessionFetcher/GTMSessionFetcher.framework",
				"${BUILT_PRODUCTS_DIR}/GoogleToolboxForMac/GoogleToolboxForMac.framework",
				"${BUILT_PRODUCTS_DIR}/GoogleUtilities/GoogleUtilities.framework",
				"${BUILT_PRODUCTS_DIR}/JGProgressHUD/JGProgressHUD.framework",
				"${BUILT_PRODUCTS_DIR}/PopupDialog/PopupDialog.framework",
				"${BUILT_PRODUCTS_DIR}/Protobuf/Protobuf.framework",
				"${BUILT_PRODUCTS_DIR}/gRPC-C++/grpcpp.framework",
				"${BUILT_PRODUCTS_DIR}/gRPC-Core/grpc.framework",
				"${BUILT_PRODUCTS_DIR}/leveldb-library/leveldb.framework",
				"${BUILT_PRODUCTS_DIR}/nanopb/nanopb.framework",
			);
			name = "[CP] Embed Pods Frameworks";
			outputFileListPaths = (
			);
			outputPaths = (
				"${TARGET_BUILD_DIR}/${FRAMEWORKS_FOLDER_PATH}/openssl_grpc.framework",
				"${TARGET_BUILD_DIR}/${FRAMEWORKS_FOLDER_PATH}/DynamicBlurView.framework",
				"${TARGET_BUILD_DIR}/${FRAMEWORKS_FOLDER_PATH}/GTMSessionFetcher.framework",
				"${TARGET_BUILD_DIR}/${FRAMEWORKS_FOLDER_PATH}/GoogleToolboxForMac.framework",
				"${TARGET_BUILD_DIR}/${FRAMEWORKS_FOLDER_PATH}/GoogleUtilities.framework",
				"${TARGET_BUILD_DIR}/${FRAMEWORKS_FOLDER_PATH}/JGProgressHUD.framework",
				"${TARGET_BUILD_DIR}/${FRAMEWORKS_FOLDER_PATH}/PopupDialog.framework",
				"${TARGET_BUILD_DIR}/${FRAMEWORKS_FOLDER_PATH}/Protobuf.framework",
				"${TARGET_BUILD_DIR}/${FRAMEWORKS_FOLDER_PATH}/grpcpp.framework",
				"${TARGET_BUILD_DIR}/${FRAMEWORKS_FOLDER_PATH}/grpc.framework",
				"${TARGET_BUILD_DIR}/${FRAMEWORKS_FOLDER_PATH}/leveldb.framework",
				"${TARGET_BUILD_DIR}/${FRAMEWORKS_FOLDER_PATH}/nanopb.framework",
			);
			runOnlyForDeploymentPostprocessing = 0;
			shellPath = /bin/sh;
			shellScript = "\"${PODS_ROOT}/Target Support Files/Pods-iJournal/Pods-iJournal-frameworks.sh\"\n";
			showEnvVarsInLog = 0;
		};
		C1712017BF80D8001F19F59E /* [CP] Check Pods Manifest.lock */ = {
			isa = PBXShellScriptBuildPhase;
			buildActionMask = 2147483647;
			files = (
			);
			inputFileListPaths = (
			);
			inputPaths = (
				"${PODS_PODFILE_DIR_PATH}/Podfile.lock",
				"${PODS_ROOT}/Manifest.lock",
			);
			name = "[CP] Check Pods Manifest.lock";
			outputFileListPaths = (
			);
			outputPaths = (
				"$(DERIVED_FILE_DIR)/Pods-iJournal-checkManifestLockResult.txt",
			);
			runOnlyForDeploymentPostprocessing = 0;
			shellPath = /bin/sh;
			shellScript = "diff \"${PODS_PODFILE_DIR_PATH}/Podfile.lock\" \"${PODS_ROOT}/Manifest.lock\" > /dev/null\nif [ $? != 0 ] ; then\n    # print error to STDERR\n    echo \"error: The sandbox is not in sync with the Podfile.lock. Run 'pod install' or update your CocoaPods installation.\" >&2\n    exit 1\nfi\n# This output is used by Xcode 'outputs' to avoid re-running this script phase.\necho \"SUCCESS\" > \"${SCRIPT_OUTPUT_FILE_0}\"\n";
			showEnvVarsInLog = 0;
		};
		C5533F60A8245075EFBB85F3 /* [CP] Copy Pods Resources */ = {
			isa = PBXShellScriptBuildPhase;
			buildActionMask = 2147483647;
			files = (
			);
			inputFileListPaths = (
			);
			inputPaths = (
				"${PODS_ROOT}/Target Support Files/Pods-iJournal/Pods-iJournal-resources.sh",
				"${PODS_ROOT}/GoogleSignIn/Resources/GoogleSignIn.bundle",
			);
			name = "[CP] Copy Pods Resources";
			outputFileListPaths = (
			);
			outputPaths = (
				"${TARGET_BUILD_DIR}/${UNLOCALIZED_RESOURCES_FOLDER_PATH}/GoogleSignIn.bundle",
			);
			runOnlyForDeploymentPostprocessing = 0;
			shellPath = /bin/sh;
			shellScript = "\"${PODS_ROOT}/Target Support Files/Pods-iJournal/Pods-iJournal-resources.sh\"\n";
			showEnvVarsInLog = 0;
		};
/* End PBXShellScriptBuildPhase section */

/* Begin PBXSourcesBuildPhase section */
		346B13942270D02E00A79B66 /* Sources */ = {
			isa = PBXSourcesBuildPhase;
			buildActionMask = 2147483647;
			files = (
				34DEA8C22272576400B8BB98 /* Entry.swift in Sources */,
				346B139E2270D02E00A79B66 /* ViewController.swift in Sources */,
				3407233122721FA100C95659 /* GreyImage.swift in Sources */,
				34CC5FF922735AE1005FA540 /* Voiceaudio.swift in Sources */,
				3407232E22721FA100C95659 /* SSBadgeButton.swift in Sources */,
				340723192272152400C95659 /* WalkthroughViewController.swift in Sources */,
				3407231F22721D3E00C95659 /* PushNotificationManager.swift in Sources */,
				3407234122722D6000C95659 /* menuViewController.swift in Sources */,
				34CC5FF52272970D005FA540 /* UIView.swift in Sources */,
				3407231A2272152400C95659 /* WalkthroughPageViewController.swift in Sources */,
				3407231E22721D3E00C95659 /* FirebaseManager.swift in Sources */,
				3407233F22722D6000C95659 /* SWRevealViewController.m in Sources */,
				3407232222721ED600C95659 /* UserProfile.swift in Sources */,
				34DEA8C72272706B00B8BB98 /* ScrollingStackViewController.swift in Sources */,
				3407233222721FA100C95659 /* Views.swift in Sources */,
				340723122272151B00C95659 /* preHomeViewController.swift in Sources */,
				3407232F22721FA100C95659 /* Geodistance.swift in Sources */,
				3407233322721FA100C95659 /* HideKeyBoardOnTapAround.swift in Sources */,
				3407232C22721FA100C95659 /* Date.swift in Sources */,
				3407234022722D6000C95659 /* MenuCell.swift in Sources */,
				3407234222722D6000C95659 /* MessageViewController.swift in Sources */,
				3407233022721FA100C95659 /* MD5.swift in Sources */,
				340723132272151C00C95659 /* SignUpViewController.swift in Sources */,
				3407232D22721FA100C95659 /* Loader.swift in Sources */,
				340723182272152400C95659 /* WalkthroughContentViewController.swift in Sources */,
				340723142272151C00C95659 /* LoginViewController.swift in Sources */,
				34DEA8C422726DE100B8BB98 /* EntryTableViewController.swift in Sources */,
				346B139C2270D02E00A79B66 /* AppDelegate.swift in Sources */,
			);
			runOnlyForDeploymentPostprocessing = 0;
		};
		346B13AD2270D06000A79B66 /* Sources */ = {
			isa = PBXSourcesBuildPhase;
			buildActionMask = 2147483647;
			files = (
				346B13B42270D06000A79B66 /* NotificationService.swift in Sources */,
			);
			runOnlyForDeploymentPostprocessing = 0;
		};
/* End PBXSourcesBuildPhase section */

/* Begin PBXTargetDependency section */
		346B13B72270D06000A79B66 /* PBXTargetDependency */ = {
			isa = PBXTargetDependency;
			target = 346B13B02270D06000A79B66 /* OneSignalNotificationServiceExtension */;
			targetProxy = 346B13B62270D06000A79B66 /* PBXContainerItemProxy */;
		};
/* End PBXTargetDependency section */

/* Begin PBXVariantGroup section */
		340723042272128F00C95659 /* preHome.storyboard */ = {
			isa = PBXVariantGroup;
			children = (
				340723052272128F00C95659 /* Base */,
			);
			name = preHome.storyboard;
			sourceTree = "<group>";
		};
		340723062272128F00C95659 /* Onboarding.storyboard */ = {
			isa = PBXVariantGroup;
			children = (
				340723072272128F00C95659 /* Base */,
			);
			name = Onboarding.storyboard;
			sourceTree = "<group>";
		};
		3407230A227212D200C95659 /* Main.storyboard */ = {
			isa = PBXVariantGroup;
			children = (
				3407230B227212D200C95659 /* Base */,
			);
			name = Main.storyboard;
			sourceTree = "<group>";
		};
		346B13A42270D02F00A79B66 /* LaunchScreen.storyboard */ = {
			isa = PBXVariantGroup;
			children = (
				346B13A52270D02F00A79B66 /* Base */,
			);
			name = LaunchScreen.storyboard;
			sourceTree = "<group>";
		};
/* End PBXVariantGroup section */

/* Begin XCBuildConfiguration section */
		346B13A82270D02F00A79B66 /* Debug */ = {
			isa = XCBuildConfiguration;
			buildSettings = {
				ALWAYS_SEARCH_USER_PATHS = NO;
				CLANG_ANALYZER_NONNULL = YES;
				CLANG_ANALYZER_NUMBER_OBJECT_CONVERSION = YES_AGGRESSIVE;
				CLANG_CXX_LANGUAGE_STANDARD = "gnu++14";
				CLANG_CXX_LIBRARY = "libc++";
				CLANG_ENABLE_MODULES = YES;
				CLANG_ENABLE_OBJC_ARC = YES;
				CLANG_ENABLE_OBJC_WEAK = YES;
				CLANG_WARN_BLOCK_CAPTURE_AUTORELEASING = YES;
				CLANG_WARN_BOOL_CONVERSION = YES;
				CLANG_WARN_COMMA = YES;
				CLANG_WARN_CONSTANT_CONVERSION = YES;
				CLANG_WARN_DEPRECATED_OBJC_IMPLEMENTATIONS = YES;
				CLANG_WARN_DIRECT_OBJC_ISA_USAGE = YES_ERROR;
				CLANG_WARN_DOCUMENTATION_COMMENTS = YES;
				CLANG_WARN_EMPTY_BODY = YES;
				CLANG_WARN_ENUM_CONVERSION = YES;
				CLANG_WARN_INFINITE_RECURSION = YES;
				CLANG_WARN_INT_CONVERSION = YES;
				CLANG_WARN_NON_LITERAL_NULL_CONVERSION = YES;
				CLANG_WARN_OBJC_IMPLICIT_RETAIN_SELF = YES;
				CLANG_WARN_OBJC_LITERAL_CONVERSION = YES;
				CLANG_WARN_OBJC_ROOT_CLASS = YES_ERROR;
				CLANG_WARN_RANGE_LOOP_ANALYSIS = YES;
				CLANG_WARN_STRICT_PROTOTYPES = YES;
				CLANG_WARN_SUSPICIOUS_MOVE = YES;
				CLANG_WARN_UNGUARDED_AVAILABILITY = YES_AGGRESSIVE;
				CLANG_WARN_UNREACHABLE_CODE = YES;
				CLANG_WARN__DUPLICATE_METHOD_MATCH = YES;
				CODE_SIGN_IDENTITY = "iPhone Developer";
				COPY_PHASE_STRIP = NO;
				DEBUG_INFORMATION_FORMAT = dwarf;
				ENABLE_STRICT_OBJC_MSGSEND = YES;
				ENABLE_TESTABILITY = YES;
				GCC_C_LANGUAGE_STANDARD = gnu11;
				GCC_DYNAMIC_NO_PIC = NO;
				GCC_NO_COMMON_BLOCKS = YES;
				GCC_OPTIMIZATION_LEVEL = 0;
				GCC_PREPROCESSOR_DEFINITIONS = (
					"DEBUG=1",
					"$(inherited)",
				);
				GCC_WARN_64_TO_32_BIT_CONVERSION = YES;
				GCC_WARN_ABOUT_RETURN_TYPE = YES_ERROR;
				GCC_WARN_UNDECLARED_SELECTOR = YES;
				GCC_WARN_UNINITIALIZED_AUTOS = YES_AGGRESSIVE;
				GCC_WARN_UNUSED_FUNCTION = YES;
				GCC_WARN_UNUSED_VARIABLE = YES;
				IPHONEOS_DEPLOYMENT_TARGET = 12.2;
				MTL_ENABLE_DEBUG_INFO = INCLUDE_SOURCE;
				MTL_FAST_MATH = YES;
				ONLY_ACTIVE_ARCH = YES;
				SDKROOT = iphoneos;
				SWIFT_ACTIVE_COMPILATION_CONDITIONS = DEBUG;
				SWIFT_OPTIMIZATION_LEVEL = "-Onone";
			};
			name = Debug;
		};
		346B13A92270D02F00A79B66 /* Release */ = {
			isa = XCBuildConfiguration;
			buildSettings = {
				ALWAYS_SEARCH_USER_PATHS = NO;
				CLANG_ANALYZER_NONNULL = YES;
				CLANG_ANALYZER_NUMBER_OBJECT_CONVERSION = YES_AGGRESSIVE;
				CLANG_CXX_LANGUAGE_STANDARD = "gnu++14";
				CLANG_CXX_LIBRARY = "libc++";
				CLANG_ENABLE_MODULES = YES;
				CLANG_ENABLE_OBJC_ARC = YES;
				CLANG_ENABLE_OBJC_WEAK = YES;
				CLANG_WARN_BLOCK_CAPTURE_AUTORELEASING = YES;
				CLANG_WARN_BOOL_CONVERSION = YES;
				CLANG_WARN_COMMA = YES;
				CLANG_WARN_CONSTANT_CONVERSION = YES;
				CLANG_WARN_DEPRECATED_OBJC_IMPLEMENTATIONS = YES;
				CLANG_WARN_DIRECT_OBJC_ISA_USAGE = YES_ERROR;
				CLANG_WARN_DOCUMENTATION_COMMENTS = YES;
				CLANG_WARN_EMPTY_BODY = YES;
				CLANG_WARN_ENUM_CONVERSION = YES;
				CLANG_WARN_INFINITE_RECURSION = YES;
				CLANG_WARN_INT_CONVERSION = YES;
				CLANG_WARN_NON_LITERAL_NULL_CONVERSION = YES;
				CLANG_WARN_OBJC_IMPLICIT_RETAIN_SELF = YES;
				CLANG_WARN_OBJC_LITERAL_CONVERSION = YES;
				CLANG_WARN_OBJC_ROOT_CLASS = YES_ERROR;
				CLANG_WARN_RANGE_LOOP_ANALYSIS = YES;
				CLANG_WARN_STRICT_PROTOTYPES = YES;
				CLANG_WARN_SUSPICIOUS_MOVE = YES;
				CLANG_WARN_UNGUARDED_AVAILABILITY = YES_AGGRESSIVE;
				CLANG_WARN_UNREACHABLE_CODE = YES;
				CLANG_WARN__DUPLICATE_METHOD_MATCH = YES;
				CODE_SIGN_IDENTITY = "iPhone Developer";
				COPY_PHASE_STRIP = NO;
				DEBUG_INFORMATION_FORMAT = "dwarf-with-dsym";
				ENABLE_NS_ASSERTIONS = NO;
				ENABLE_STRICT_OBJC_MSGSEND = YES;
				GCC_C_LANGUAGE_STANDARD = gnu11;
				GCC_NO_COMMON_BLOCKS = YES;
				GCC_WARN_64_TO_32_BIT_CONVERSION = YES;
				GCC_WARN_ABOUT_RETURN_TYPE = YES_ERROR;
				GCC_WARN_UNDECLARED_SELECTOR = YES;
				GCC_WARN_UNINITIALIZED_AUTOS = YES_AGGRESSIVE;
				GCC_WARN_UNUSED_FUNCTION = YES;
				GCC_WARN_UNUSED_VARIABLE = YES;
				IPHONEOS_DEPLOYMENT_TARGET = 12.2;
				MTL_ENABLE_DEBUG_INFO = NO;
				MTL_FAST_MATH = YES;
				SDKROOT = iphoneos;
				SWIFT_COMPILATION_MODE = wholemodule;
				SWIFT_OPTIMIZATION_LEVEL = "-O";
				VALIDATE_PRODUCT = YES;
			};
			name = Release;
		};
		346B13AB2270D02F00A79B66 /* Debug */ = {
			isa = XCBuildConfiguration;
			baseConfigurationReference = E8E4FD1F645BC1F61125E855 /* Pods-iJournal.debug.xcconfig */;
			buildSettings = {
				ALWAYS_EMBED_SWIFT_STANDARD_LIBRARIES = YES;
				ASSETCATALOG_COMPILER_APPICON_NAME = AppIcon;
				CLANG_ENABLE_MODULES = YES;
				CODE_SIGN_ENTITLEMENTS = iJournal/iJournal.entitlements;
				CODE_SIGN_STYLE = Automatic;
				DEVELOPMENT_TEAM = 2779EQ3QB6;
				INFOPLIST_FILE = "$(SRCROOT)/iJournal/Resources/Info.plist";
				LD_RUNPATH_SEARCH_PATHS = (
					"$(inherited)",
					"@executable_path/Frameworks",
				);
				PRODUCT_BUNDLE_IDENTIFIER = com.colin.iJournal;
				PRODUCT_NAME = "$(TARGET_NAME)";
				SWIFT_OBJC_BRIDGING_HEADER = "iJournal/Menu/iJournal-Bridging-Header.h";
				SWIFT_OPTIMIZATION_LEVEL = "-Onone";
				SWIFT_VERSION = 5.0;
				TARGETED_DEVICE_FAMILY = "1,2";
			};
			name = Debug;
		};
		346B13AC2270D02F00A79B66 /* Release */ = {
			isa = XCBuildConfiguration;
			baseConfigurationReference = 7BC17B8E7C1ECB9D5343DD3C /* Pods-iJournal.release.xcconfig */;
			buildSettings = {
				ALWAYS_EMBED_SWIFT_STANDARD_LIBRARIES = YES;
				ASSETCATALOG_COMPILER_APPICON_NAME = AppIcon;
				CLANG_ENABLE_MODULES = YES;
				CODE_SIGN_ENTITLEMENTS = iJournal/iJournal.entitlements;
				CODE_SIGN_STYLE = Automatic;
				DEVELOPMENT_TEAM = 2779EQ3QB6;
				INFOPLIST_FILE = "$(SRCROOT)/iJournal/Resources/Info.plist";
				LD_RUNPATH_SEARCH_PATHS = (
					"$(inherited)",
					"@executable_path/Frameworks",
				);
				PRODUCT_BUNDLE_IDENTIFIER = com.colin.iJournal;
				PRODUCT_NAME = "$(TARGET_NAME)";
				SWIFT_OBJC_BRIDGING_HEADER = "iJournal/Menu/iJournal-Bridging-Header.h";
				SWIFT_VERSION = 5.0;
				TARGETED_DEVICE_FAMILY = "1,2";
			};
			name = Release;
		};
		346B13BA2270D06000A79B66 /* Debug */ = {
			isa = XCBuildConfiguration;
			baseConfigurationReference = 16CB4750E1B1279F028E1B01 /* Pods-OneSignalNotificationServiceExtension.debug.xcconfig */;
			buildSettings = {
				CODE_SIGN_STYLE = Automatic;
				DEVELOPMENT_TEAM = 2779EQ3QB6;
				INFOPLIST_FILE = OneSignalNotificationServiceExtension/Info.plist;
				LD_RUNPATH_SEARCH_PATHS = (
					"$(inherited)",
					"@executable_path/Frameworks",
					"@executable_path/../../Frameworks",
				);
				PRODUCT_BUNDLE_IDENTIFIER = com.colin.iJournal.OneSignalNotificationServiceExtension;
				PRODUCT_NAME = "$(TARGET_NAME)";
				SKIP_INSTALL = YES;
				SWIFT_VERSION = 5.0;
				TARGETED_DEVICE_FAMILY = "1,2";
			};
			name = Debug;
		};
		346B13BB2270D06000A79B66 /* Release */ = {
			isa = XCBuildConfiguration;
			baseConfigurationReference = 8A34DE3C38C0E9B1ABA88389 /* Pods-OneSignalNotificationServiceExtension.release.xcconfig */;
			buildSettings = {
				CODE_SIGN_STYLE = Automatic;
				DEVELOPMENT_TEAM = 2779EQ3QB6;
				INFOPLIST_FILE = OneSignalNotificationServiceExtension/Info.plist;
				LD_RUNPATH_SEARCH_PATHS = (
					"$(inherited)",
					"@executable_path/Frameworks",
					"@executable_path/../../Frameworks",
				);
				PRODUCT_BUNDLE_IDENTIFIER = com.colin.iJournal.OneSignalNotificationServiceExtension;
				PRODUCT_NAME = "$(TARGET_NAME)";
				SKIP_INSTALL = YES;
				SWIFT_VERSION = 5.0;
				TARGETED_DEVICE_FAMILY = "1,2";
			};
			name = Release;
		};
/* End XCBuildConfiguration section */

/* Begin XCConfigurationList section */
		346B13932270D02E00A79B66 /* Build configuration list for PBXProject "iJournal" */ = {
			isa = XCConfigurationList;
			buildConfigurations = (
				346B13A82270D02F00A79B66 /* Debug */,
				346B13A92270D02F00A79B66 /* Release */,
			);
			defaultConfigurationIsVisible = 0;
			defaultConfigurationName = Release;
		};
		346B13AA2270D02F00A79B66 /* Build configuration list for PBXNativeTarget "iJournal" */ = {
			isa = XCConfigurationList;
			buildConfigurations = (
				346B13AB2270D02F00A79B66 /* Debug */,
				346B13AC2270D02F00A79B66 /* Release */,
			);
			defaultConfigurationIsVisible = 0;
			defaultConfigurationName = Release;
		};
		346B13B92270D06000A79B66 /* Build configuration list for PBXNativeTarget "OneSignalNotificationServiceExtension" */ = {
			isa = XCConfigurationList;
			buildConfigurations = (
				346B13BA2270D06000A79B66 /* Debug */,
				346B13BB2270D06000A79B66 /* Release */,
			);
			defaultConfigurationIsVisible = 0;
			defaultConfigurationName = Release;
		};
/* End XCConfigurationList section */
	};
	rootObject = 346B13902270D02E00A79B66 /* Project object */;
}
